
Microsoft Visual Studio Solution File, Format Version 12.00
# Visual Studio Version 17
VisualStudioVersion = 17.4.33213.308
MinimumVisualStudioVersion = 10.0.40219.1
Project("{FAE04EC0-301F-11D3-BF4B-00C04F79EFBC}") = "AnimSoundMaker", "AnimSoundMaker\AnimSoundMaker.csproj", "{1AE108CD-E655-48FF-8F63-E9D3F335D636}"
EndProject
Global
	GlobalSection(SolutionConfigurationPlatforms) = preSolution
		Debug|Any CPU = Debug|Any CPU
		Release|Any CPU = Release|Any CPU
	EndGlobalSection
	GlobalSection(ProjectConfigurationPlatforms) = postSolution
		{1AE108CD-E655-48FF-8F63-E9D3F335D636}.Debug|Any CPU.ActiveCfg = Debug|Any CPU
		{1AE108CD-E655-48FF-8F63-E9D3F335D636}.Debug|Any CPU.Build.0 = Debug|Any CPU
		{1AE108CD-E655-48FF-8F63-E9D3F335D636}.Release|Any CPU.ActiveCfg = Release|Any CPU
		{1AE108CD-E655-48FF-8F63-E9D3F335D636}.Release|Any CPU.Build.0 = Release|Any CPU
	EndGlobalSection
	GlobalSection(SolutionProperties) = preSolution
		HideSolutionNode = FALSE
	EndGlobalSection
	GlobalSection(ExtensibilityGlobals) = postSolution
		SolutionGuid = {981363BB-59AF-4288-B239-9721F00BBB0A}
	EndGlobalSection
EndGlobal
